
Microsoft Visual Studio Solution File, Format Version 12.00
# Visual Studio Version 17
VisualStudioVersion = 17.5.33530.505
MinimumVisualStudioVersion = 10.0.40219.1
Project("{9A19103F-16F7-4668-BE54-9A1E7A4F7556}") = "kalkış iniş", "kalkış iniş.csproj", "{18685119-1BB7-4C60-80A5-5EFAA079ED65}"
EndProject
Global
	GlobalSection(SolutionConfigurationPlatforms) = preSolution
		Debug|Any CPU = Debug|Any CPU
		Release|Any CPU = Release|Any CPU
	EndGlobalSection
	GlobalSection(ProjectConfigurationPlatforms) = postSolution
		{18685119-1BB7-4C60-80A5-5EFAA079ED65}.Debug|Any CPU.ActiveCfg = Debug|Any CPU
		{18685119-1BB7-4C60-80A5-5EFAA079ED65}.Debug|Any CPU.Build.0 = Debug|Any CPU
		{18685119-1BB7-4C60-80A5-5EFAA079ED65}.Release|Any CPU.ActiveCfg = Release|Any CPU
		{18685119-1BB7-4C60-80A5-5EFAA079ED65}.Release|Any CPU.Build.0 = Release|Any CPU
	EndGlobalSection
	GlobalSection(SolutionProperties) = preSolution
		HideSolutionNode = FALSE
	EndGlobalSection
	GlobalSection(ExtensibilityGlobals) = postSolution
		SolutionGuid = {C91E0EA6-5FFD-4C98-A53E-EB5CC04F2B36}
	EndGlobalSection
EndGlobal
